
Microsoft Visual Studio Solution File, Format Version 12.00
# Visual Studio Version 17
VisualStudioVersion = 17.6.33829.357
MinimumVisualStudioVersion = 10.0.40219.1
Project("{F184B08F-C81C-45F6-A57F-5ABD9991F28F}") = "Hello world juli", "Hello world juli\Hello world juli.vbproj", "{C1A75231-1C06-46B5-9213-CA87FB8BBEBE}"
EndProject
Global
	GlobalSection(SolutionConfigurationPlatforms) = preSolution
		Debug|Any CPU = Debug|Any CPU
		Release|Any CPU = Release|Any CPU
	EndGlobalSection
	GlobalSection(ProjectConfigurationPlatforms) = postSolution
		{C1A75231-1C06-46B5-9213-CA87FB8BBEBE}.Debug|Any CPU.ActiveCfg = Debug|Any CPU
		{C1A75231-1C06-46B5-9213-CA87FB8BBEBE}.Debug|Any CPU.Build.0 = Debug|Any CPU
		{C1A75231-1C06-46B5-9213-CA87FB8BBEBE}.Release|Any CPU.ActiveCfg = Release|Any CPU
		{C1A75231-1C06-46B5-9213-CA87FB8BBEBE}.Release|Any CPU.Build.0 = Release|Any CPU
	EndGlobalSection
	GlobalSection(SolutionProperties) = preSolution
		HideSolutionNode = FALSE
	EndGlobalSection
	GlobalSection(ExtensibilityGlobals) = postSolution
		SolutionGuid = {7DF12D86-4783-485A-9B68-87CC09DA5E12}
	EndGlobalSection
EndGlobal
